// !$*UTF8*$!
{
	archiveVersion = 1;
	classes = {
	};
	objectVersion = 50;
	objects = {

/* Begin PBXBuildFile section */
		A493710322F46B36003E4405 /* AppDelegate.swift in Sources */ = {isa = PBXBuildFile; fileRef = A493710222F46B36003E4405 /* AppDelegate.swift */; };
		A493710522F46B36003E4405 /* MainViewController.swift in Sources */ = {isa = PBXBuildFile; fileRef = A493710422F46B36003E4405 /* MainViewController.swift */; };
		A493710A22F46B39003E4405 /* Assets.xcassets in Resources */ = {isa = PBXBuildFile; fileRef = A493710922F46B39003E4405 /* Assets.xcassets */; };
		A493710D22F46B39003E4405 /* LaunchScreen.storyboard in Resources */ = {isa = PBXBuildFile; fileRef = A493710B22F46B39003E4405 /* LaunchScreen.storyboard */; };
		A493711522F47028003E4405 /* Gist.swift in Sources */ = {isa = PBXBuildFile; fileRef = A493711422F47028003E4405 /* Gist.swift */; };
		A493711722F47057003E4405 /* Owner.swift in Sources */ = {isa = PBXBuildFile; fileRef = A493711622F47057003E4405 /* Owner.swift */; };
		A493711922F47089003E4405 /* GistFile.swift in Sources */ = {isa = PBXBuildFile; fileRef = A493711822F47089003E4405 /* GistFile.swift */; };
		A493711B22F473EE003E4405 /* GistCell.swift in Sources */ = {isa = PBXBuildFile; fileRef = A493711A22F473EE003E4405 /* GistCell.swift */; };
/* End PBXBuildFile section */

/* Begin PBXFileReference section */
		A49370FF22F46B36003E4405 /* gistsclient.app */ = {isa = PBXFileReference; explicitFileType = wrapper.application; includeInIndex = 0; path = gistsclient.app; sourceTree = BUILT_PRODUCTS_DIR; };
		A493710222F46B36003E4405 /* AppDelegate.swift */ = {isa = PBXFileReference; lastKnownFileType = sourcecode.swift; path = AppDelegate.swift; sourceTree = "<group>"; };
		A493710422F46B36003E4405 /* MainViewController.swift */ = {isa = PBXFileReference; lastKnownFileType = sourcecode.swift; path = MainViewController.swift; sourceTree = "<group>"; };
		A493710922F46B39003E4405 /* Assets.xcassets */ = {isa = PBXFileReference; lastKnownFileType = folder.assetcatalog; path = Assets.xcassets; sourceTree = "<group>"; };
		A493710C22F46B39003E4405 /* Base */ = {isa = PBXFileReference; lastKnownFileType = file.storyboard; name = Base; path = Base.lproj/LaunchScreen.storyboard; sourceTree = "<group>"; };
		A493710E22F46B39003E4405 /* Info.plist */ = {isa = PBXFileReference; lastKnownFileType = text.plist.xml; path = Info.plist; sourceTree = "<group>"; };
		A493711422F47028003E4405 /* Gist.swift */ = {isa = PBXFileReference; lastKnownFileType = sourcecode.swift; path = Gist.swift; sourceTree = "<group>"; };
		A493711622F47057003E4405 /* Owner.swift */ = {isa = PBXFileReference; lastKnownFileType = sourcecode.swift; path = Owner.swift; sourceTree = "<group>"; };
		A493711822F47089003E4405 /* GistFile.swift */ = {isa = PBXFileReference; lastKnownFileType = sourcecode.swift; path = GistFile.swift; sourceTree = "<group>"; };
		A493711A22F473EE003E4405 /* GistCell.swift */ = {isa = PBXFileReference; lastKnownFileType = sourcecode.swift; path = GistCell.swift; sourceTree = "<group>"; };
/* End PBXFileReference section */

/* Begin PBXFrameworksBuildPhase section */
		A49370FC22F46B36003E4405 /* Frameworks */ = {
			isa = PBXFrameworksBuildPhase;
			buildActionMask = 2147483647;
			files = (
			);
			runOnlyForDeploymentPostprocessing = 0;
		};
/* End PBXFrameworksBuildPhase section */

/* Begin PBXGroup section */
		A49370F622F46B35003E4405 = {
			isa = PBXGroup;
			children = (
				A493710122F46B36003E4405 /* gistsclient */,
				A493710022F46B36003E4405 /* Products */,
			);
			sourceTree = "<group>";
		};
		A493710022F46B36003E4405 /* Products */ = {
			isa = PBXGroup;
			children = (
				A49370FF22F46B36003E4405 /* gistsclient.app */,
			);
			name = Products;
			sourceTree = "<group>";
		};
		A493710122F46B36003E4405 /* gistsclient */ = {
			isa = PBXGroup;
			children = (
				A493710222F46B36003E4405 /* AppDelegate.swift */,
				A493710422F46B36003E4405 /* MainViewController.swift */,
				A493710922F46B39003E4405 /* Assets.xcassets */,
				A493710B22F46B39003E4405 /* LaunchScreen.storyboard */,
				A493710E22F46B39003E4405 /* Info.plist */,
				A493711422F47028003E4405 /* Gist.swift */,
				A493711622F47057003E4405 /* Owner.swift */,
				A493711822F47089003E4405 /* GistFile.swift */,
				A493711A22F473EE003E4405 /* GistCell.swift */,
			);
			path = gistsclient;
			sourceTree = "<group>";
		};
/* End PBXGroup section */

/* Begin PBXNativeTarget section */
		A49370FE22F46B36003E4405 /* gistsclient */ = {
			isa = PBXNativeTarget;
			buildConfigurationList = A493711122F46B39003E4405 /* Build configuration list for PBXNativeTarget "gistsclient" */;
			buildPhases = (
				A49370FB22F46B36003E4405 /* Sources */,
				A49370FC22F46B36003E4405 /* Frameworks */,
				A49370FD22F46B36003E4405 /* Resources */,
			);
			buildRules = (
			);
			dependencies = (
			);
			name = gistsclient;
			productName = gistsclient;
			productReference = A49370FF22F46B36003E4405 /* gistsclient.app */;
			productType = "com.apple.product-type.application";
		};
/* End PBXNativeTarget section */

/* Begin PBXProject section */
		A49370F722F46B35003E4405 /* Project object */ = {
			isa = PBXProject;
			attributes = {
				LastSwiftUpdateCheck = 1020;
				LastUpgradeCheck = 1020;
				ORGANIZATIONNAME = "Akyl Zholonov";
				TargetAttributes = {
					A49370FE22F46B36003E4405 = {
						CreatedOnToolsVersion = 10.2.1;
					};
				};
			};
			buildConfigurationList = A49370FA22F46B35003E4405 /* Build configuration list for PBXProject "gistsclient" */;
			compatibilityVersion = "Xcode 9.3";
			developmentRegion = en;
			hasScannedForEncodings = 0;
			knownRegions = (
				en,
				Base,
			);
			mainGroup = A49370F622F46B35003E4405;
			productRefGroup = A493710022F46B36003E4405 /* Products */;
			projectDirPath = "";
			projectRoot = "";
			targets = (
				A49370FE22F46B36003E4405 /* gistsclient */,
			);
		};
/* End PBXProject section */

/* Begin PBXResourcesBuildPhase section */
		A49370FD22F46B36003E4405 /* Resources */ = {
			isa = PBXResourcesBuildPhase;
			buildActionMask = 2147483647;
			files = (
				A493710D22F46B39003E4405 /* LaunchScreen.storyboard in Resources */,
				A493710A22F46B39003E4405 /* Assets.xcassets in Resources */,
			);
			runOnlyForDeploymentPostprocessing = 0;
		};
/* End PBXResourcesBuildPhase section */

/* Begin PBXSourcesBuildPhase section */
		A49370FB22F46B36003E4405 /* Sources */ = {
			isa = PBXSourcesBuildPhase;
			buildActionMask = 2147483647;
			files = (
				A493711922F47089003E4405 /* GistFile.swift in Sources */,
				A493710522F46B36003E4405 /* MainViewController.swift in Sources */,
				A493711B22F473EE003E4405 /* GistCell.swift in Sources */,
				A493711722F47057003E4405 /* Owner.swift in Sources */,
				A493710322F46B36003E4405 /* AppDelegate.swift in Sources */,
				A493711522F47028003E4405 /* Gist.swift in Sources */,
			);
			runOnlyForDeploymentPostprocessing = 0;
		};
/* End PBXSourcesBuildPhase section */

/* Begin PBXVariantGroup section */
		A493710B22F46B39003E4405 /* LaunchScreen.storyboard */ = {
			isa = PBXVariantGroup;
			children = (
				A493710C22F46B39003E4405 /* Base */,
			);
			name = LaunchScreen.storyboard;
			sourceTree = "<group>";
		};
/* End PBXVariantGroup section */

/* Begin XCBuildConfiguration section */
		A493710F22F46B39003E4405 /* Debug */ = {
			isa = XCBuildConfiguration;
			buildSettings = {
				ALWAYS_SEARCH_USER_PATHS = NO;
				CLANG_ANALYZER_NONNULL = YES;
				CLANG_ANALYZER_NUMBER_OBJECT_CONVERSION = YES_AGGRESSIVE;
				CLANG_CXX_LANGUAGE_STANDARD = "gnu++14";
				CLANG_CXX_LIBRARY = "libc++";
				CLANG_ENABLE_MODULES = YES;
				CLANG_ENABLE_OBJC_ARC = YES;
				CLANG_ENABLE_OBJC_WEAK = YES;
				CLANG_WARN_BLOCK_CAPTURE_AUTORELEASING = YES;
				CLANG_WARN_BOOL_CONVERSION = YES;
				CLANG_WARN_COMMA = YES;
				CLANG_WARN_CONSTANT_CONVERSION = YES;
				CLANG_WARN_DEPRECATED_OBJC_IMPLEMENTATIONS = YES;
				CLANG_WARN_DIRECT_OBJC_ISA_USAGE = YES_ERROR;
				CLANG_WARN_DOCUMENTATION_COMMENTS = YES;
				CLANG_WARN_EMPTY_BODY = YES;
				CLANG_WARN_ENUM_CONVERSION = YES;
				CLANG_WARN_INFINITE_RECURSION = YES;
				CLANG_WARN_INT_CONVERSION = YES;
				CLANG_WARN_NON_LITERAL_NULL_CONVERSION = YES;
				CLANG_WARN_OBJC_IMPLICIT_RETAIN_SELF = YES;
				CLANG_WARN_OBJC_LITERAL_CONVERSION = YES;
				CLANG_WARN_OBJC_ROOT_CLASS = YES_ERROR;
				CLANG_WARN_RANGE_LOOP_ANALYSIS = YES;
				CLANG_WARN_STRICT_PROTOTYPES = YES;
				CLANG_WARN_SUSPICIOUS_MOVE = YES;
				CLANG_WARN_UNGUARDED_AVAILABILITY = YES_AGGRESSIVE;
				CLANG_WARN_UNREACHABLE_CODE = YES;
				CLANG_WARN__DUPLICATE_METHOD_MATCH = YES;
				CODE_SIGN_IDENTITY = "iPhone Developer";
				COPY_PHASE_STRIP = NO;
				DEBUG_INFORMATION_FORMAT = dwarf;
				ENABLE_STRICT_OBJC_MSGSEND = YES;
				ENABLE_TESTABILITY = YES;
				GCC_C_LANGUAGE_STANDARD = gnu11;
				GCC_DYNAMIC_NO_PIC = NO;
				GCC_NO_COMMON_BLOCKS = YES;
				GCC_OPTIMIZATION_LEVEL = 0;
				GCC_PREPROCESSOR_DEFINITIONS = (
					"DEBUG=1",
					"$(inherited)",
				);
				GCC_WARN_64_TO_32_BIT_CONVERSION = YES;
				GCC_WARN_ABOUT_RETURN_TYPE = YES_ERROR;
				GCC_WARN_UNDECLARED_SELECTOR = YES;
				GCC_WARN_UNINITIALIZED_AUTOS = YES_AGGRESSIVE;
				GCC_WARN_UNUSED_FUNCTION = YES;
				GCC_WARN_UNUSED_VARIABLE = YES;
				IPHONEOS_DEPLOYMENT_TARGET = 12.2;
				MTL_ENABLE_DEBUG_INFO = INCLUDE_SOURCE;
				MTL_FAST_MATH = YES;
				ONLY_ACTIVE_ARCH = YES;
				SDKROOT = iphoneos;
				SWIFT_ACTIVE_COMPILATION_CONDITIONS = DEBUG;
				SWIFT_OPTIMIZATION_LEVEL = "-Onone";
			};
			name = Debug;
		};
		A493711022F46B39003E4405 /* Release */ = {
			isa = XCBuildConfiguration;
			buildSettings = {
				ALWAYS_SEARCH_USER_PATHS = NO;
				CLANG_ANALYZER_NONNULL = YES;
				CLANG_ANALYZER_NUMBER_OBJECT_CONVERSION = YES_AGGRESSIVE;
				CLANG_CXX_LANGUAGE_STANDARD = "gnu++14";
				CLANG_CXX_LIBRARY = "libc++";
				CLANG_ENABLE_MODULES = YES;
				CLANG_ENABLE_OBJC_ARC = YES;
				CLANG_ENABLE_OBJC_WEAK = YES;
				CLANG_WARN_BLOCK_CAPTURE_AUTORELEASING = YES;
				CLANG_WARN_BOOL_CONVERSION = YES;
				CLANG_WARN_COMMA = YES;
				CLANG_WARN_CONSTANT_CONVERSION = YES;
				CLANG_WARN_DEPRECATED_OBJC_IMPLEMENTATIONS = YES;
				CLANG_WARN_DIRECT_OBJC_ISA_USAGE = YES_ERROR;
				CLANG_WARN_DOCUMENTATION_COMMENTS = YES;
				CLANG_WARN_EMPTY_BODY = YES;
				CLANG_WARN_ENUM_CONVERSION = YES;
				CLANG_WARN_INFINITE_RECURSION = YES;
				CLANG_WARN_INT_CONVERSION = YES;
				CLANG_WARN_NON_LITERAL_NULL_CONVERSION = YES;
				CLANG_WARN_OBJC_IMPLICIT_RETAIN_SELF = YES;
				CLANG_WARN_OBJC_LITERAL_CONVERSION = YES;
				CLANG_WARN_OBJC_ROOT_CLASS = YES_ERROR;
				CLANG_WARN_RANGE_LOOP_ANALYSIS = YES;
				CLANG_WARN_STRICT_PROTOTYPES = YES;
				CLANG_WARN_SUSPICIOUS_MOVE = YES;
				CLANG_WARN_UNGUARDED_AVAILABILITY = YES_AGGRESSIVE;
				CLANG_WARN_UNREACHABLE_CODE = YES;
				CLANG_WARN__DUPLICATE_METHOD_MATCH = YES;
				CODE_SIGN_IDENTITY = "iPhone Developer";
				COPY_PHASE_STRIP = NO;
				DEBUG_INFORMATION_FORMAT = "dwarf-with-dsym";
				ENABLE_NS_ASSERTIONS = NO;
				ENABLE_STRICT_OBJC_MSGSEND = YES;
				GCC_C_LANGUAGE_STANDARD = gnu11;
				GCC_NO_COMMON_BLOCKS = YES;
				GCC_WARN_64_TO_32_BIT_CONVERSION = YES;
				GCC_WARN_ABOUT_RETURN_TYPE = YES_ERROR;
				GCC_WARN_UNDECLARED_SELECTOR = YES;
				GCC_WARN_UNINITIALIZED_AUTOS = YES_AGGRESSIVE;
				GCC_WARN_UNUSED_FUNCTION = YES;
				GCC_WARN_UNUSED_VARIABLE = YES;
				IPHONEOS_DEPLOYMENT_TARGET = 12.2;
				MTL_ENABLE_DEBUG_INFO = NO;
				MTL_FAST_MATH = YES;
				SDKROOT = iphoneos;
				SWIFT_COMPILATION_MODE = wholemodule;
				SWIFT_OPTIMIZATION_LEVEL = "-O";
				VALIDATE_PRODUCT = YES;
			};
			name = Release;
		};
		A493711222F46B39003E4405 /* Debug */ = {
			isa = XCBuildConfiguration;
			buildSettings = {
				ASSETCATALOG_COMPILER_APPICON_NAME = AppIcon;
				CODE_SIGN_IDENTITY = "iPhone Developer";
				CODE_SIGN_STYLE = Automatic;
				DEVELOPMENT_TEAM = TEQEBKYT25;
				INFOPLIST_FILE = gistsclient/Info.plist;
				LD_RUNPATH_SEARCH_PATHS = (
					"$(inherited)",
					"@executable_path/Frameworks",
				);
				PRODUCT_BUNDLE_IDENTIFIER = zholonov.com.gistsclient;
				PRODUCT_NAME = "$(TARGET_NAME)";
				PROVISIONING_PROFILE_SPECIFIER = "";
				SWIFT_VERSION = 5.0;
				TARGETED_DEVICE_FAMILY = "1,2";
			};
			name = Debug;
		};
		A493711322F46B39003E4405 /* Release */ = {
			isa = XCBuildConfiguration;
			buildSettings = {
				ASSETCATALOG_COMPILER_APPICON_NAME = AppIcon;
				CODE_SIGN_IDENTITY = "iPhone Developer";
				CODE_SIGN_STYLE = Automatic;
				DEVELOPMENT_TEAM = TEQEBKYT25;
				INFOPLIST_FILE = gistsclient/Info.plist;
				LD_RUNPATH_SEARCH_PATHS = (
					"$(inherited)",
					"@executable_path/Frameworks",
				);
				PRODUCT_BUNDLE_IDENTIFIER = zholonov.com.gistsclient;
				PRODUCT_NAME = "$(TARGET_NAME)";
				PROVISIONING_PROFILE_SPECIFIER = "";
				SWIFT_VERSION = 5.0;
				TARGETED_DEVICE_FAMILY = "1,2";
			};
			name = Release;
		};
/* End XCBuildConfiguration section */

/* Begin XCConfigurationList section */
		A49370FA22F46B35003E4405 /* Build configuration list for PBXProject "gistsclient" */ = {
			isa = XCConfigurationList;
			buildConfigurations = (
				A493710F22F46B39003E4405 /* Debug */,
				A493711022F46B39003E4405 /* Release */,
			);
			defaultConfigurationIsVisible = 0;
			defaultConfigurationName = Release;
		};
		A493711122F46B39003E4405 /* Build configuration list for PBXNativeTarget "gistsclient" */ = {
			isa = XCConfigurationList;
			buildConfigurations = (
				A493711222F46B39003E4405 /* Debug */,
				A493711322F46B39003E4405 /* Release */,
			);
			defaultConfigurationIsVisible = 0;
			defaultConfigurationName = Release;
		};
/* End XCConfigurationList section */
	};
	rootObject = A49370F722F46B35003E4405 /* Project object */;
}
